
Microsoft Visual Studio Solution File, Format Version 12.00
# Visual Studio Version 17
VisualStudioVersion = 17.3.32901.215
MinimumVisualStudioVersion = 10.0.40219.1
Project("{FAE04EC0-301F-11D3-BF4B-00C04F79EFBC}") = "DatabaseFirst", "DatabaseFirst\DatabaseFirst.csproj", "{FE920EC9-0002-4C34-9296-32FF23CC7FDD}"
EndProject
Project("{FAE04EC0-301F-11D3-BF4B-00C04F79EFBC}") = "CodeFirst", "CodeFirst\CodeFirst.csproj", "{1E76EE39-5653-48E8-9095-CE651DF61421}"
EndProject
Global
	GlobalSection(SolutionConfigurationPlatforms) = preSolution
		Debug|Any CPU = Debug|Any CPU
		Release|Any CPU = Release|Any CPU
	EndGlobalSection
	GlobalSection(ProjectConfigurationPlatforms) = postSolution
		{FE920EC9-0002-4C34-9296-32FF23CC7FDD}.Debug|Any CPU.ActiveCfg = Debug|Any CPU
		{FE920EC9-0002-4C34-9296-32FF23CC7FDD}.Debug|Any CPU.Build.0 = Debug|Any CPU
		{FE920EC9-0002-4C34-9296-32FF23CC7FDD}.Release|Any CPU.ActiveCfg = Release|Any CPU
		{FE920EC9-0002-4C34-9296-32FF23CC7FDD}.Release|Any CPU.Build.0 = Release|Any CPU
		{1E76EE39-5653-48E8-9095-CE651DF61421}.Debug|Any CPU.ActiveCfg = Debug|Any CPU
		{1E76EE39-5653-48E8-9095-CE651DF61421}.Debug|Any CPU.Build.0 = Debug|Any CPU
		{1E76EE39-5653-48E8-9095-CE651DF61421}.Release|Any CPU.ActiveCfg = Release|Any CPU
		{1E76EE39-5653-48E8-9095-CE651DF61421}.Release|Any CPU.Build.0 = Release|Any CPU
	EndGlobalSection
	GlobalSection(SolutionProperties) = preSolution
		HideSolutionNode = FALSE
	EndGlobalSection
	GlobalSection(ExtensibilityGlobals) = postSolution
		SolutionGuid = {27331582-176E-42E2-9096-955443F93955}
	EndGlobalSection
EndGlobal
